
Microsoft Visual Studio Solution File, Format Version 12.00
# Visual Studio Version 17
VisualStudioVersion = 17.10.34902.84
MinimumVisualStudioVersion = 10.0.40219.1
Project("{54A90642-561A-4BB1-A94E-469ADEE60C69}") = "vueproject1", "vueproject1\vueproject1.esproj", "{8EAA523B-E057-4D1C-A8D9-D099E9929185}"
EndProject
Global
	GlobalSection(SolutionConfigurationPlatforms) = preSolution
		Debug|Any CPU = Debug|Any CPU
		Release|Any CPU = Release|Any CPU
	EndGlobalSection
	GlobalSection(ProjectConfigurationPlatforms) = postSolution
		{8EAA523B-E057-4D1C-A8D9-D099E9929185}.Debug|Any CPU.ActiveCfg = Debug|Any CPU
		{8EAA523B-E057-4D1C-A8D9-D099E9929185}.Debug|Any CPU.Build.0 = Debug|Any CPU
		{8EAA523B-E057-4D1C-A8D9-D099E9929185}.Debug|Any CPU.Deploy.0 = Debug|Any CPU
		{8EAA523B-E057-4D1C-A8D9-D099E9929185}.Release|Any CPU.ActiveCfg = Release|Any CPU
		{8EAA523B-E057-4D1C-A8D9-D099E9929185}.Release|Any CPU.Build.0 = Release|Any CPU
		{8EAA523B-E057-4D1C-A8D9-D099E9929185}.Release|Any CPU.Deploy.0 = Release|Any CPU
	EndGlobalSection
	GlobalSection(SolutionProperties) = preSolution
		HideSolutionNode = FALSE
	EndGlobalSection
	GlobalSection(ExtensibilityGlobals) = postSolution
		SolutionGuid = {EF26D5D9-E2A6-43A0-A0B1-7B3A58B8B998}
	EndGlobalSection
EndGlobal
